
Microsoft Visual Studio Solution File, Format Version 12.00
# Visual Studio 14
VisualStudioVersion = 14.0.24720.0
MinimumVisualStudioVersion = 10.0.40219.1
Project("{8BB2217D-0F2D-49D1-97BC-3654ED321F3B}") = "Wipcore.eNova.Api.WebApi", "Wipcore.eNova.Api.WebApi\Wipcore.eNova.Api.WebApi.xproj", "{FC13CD2A-431D-4E01-8439-F0A51B42B96E}"
EndProject
Project("{8BB2217D-0F2D-49D1-97BC-3654ED321F3B}") = "Wipcore.Enova.Api.Interfaces", "Wipcore.Enova.Api.Interfaces\Wipcore.Enova.Api.Interfaces.xproj", "{D8AB7EF1-C695-4106-859A-536C6351EC3E}"
EndProject
Project("{FAE04EC0-301F-11D3-BF4B-00C04F79EFBC}") = "Wipcore.eNova.Api.NETClient", "Wipcore.eNova.Api.NETClient\Wipcore.eNova.Api.NETClient.csproj", "{112986C5-1E0F-46E8-9254-A9AB9270A396}"
EndProject
Global
	GlobalSection(SolutionConfigurationPlatforms) = preSolution
		Debug|Any CPU = Debug|Any CPU
		Release|Any CPU = Release|Any CPU
	EndGlobalSection
	GlobalSection(ProjectConfigurationPlatforms) = postSolution
		{FC13CD2A-431D-4E01-8439-F0A51B42B96E}.Debug|Any CPU.ActiveCfg = Debug|Any CPU
		{FC13CD2A-431D-4E01-8439-F0A51B42B96E}.Debug|Any CPU.Build.0 = Debug|Any CPU
		{FC13CD2A-431D-4E01-8439-F0A51B42B96E}.Release|Any CPU.ActiveCfg = Release|Any CPU
		{FC13CD2A-431D-4E01-8439-F0A51B42B96E}.Release|Any CPU.Build.0 = Release|Any CPU
		{D8AB7EF1-C695-4106-859A-536C6351EC3E}.Debug|Any CPU.ActiveCfg = Debug|Any CPU
		{D8AB7EF1-C695-4106-859A-536C6351EC3E}.Debug|Any CPU.Build.0 = Debug|Any CPU
		{D8AB7EF1-C695-4106-859A-536C6351EC3E}.Release|Any CPU.ActiveCfg = Release|Any CPU
		{D8AB7EF1-C695-4106-859A-536C6351EC3E}.Release|Any CPU.Build.0 = Release|Any CPU
		{112986C5-1E0F-46E8-9254-A9AB9270A396}.Debug|Any CPU.ActiveCfg = Debug|Any CPU
		{112986C5-1E0F-46E8-9254-A9AB9270A396}.Debug|Any CPU.Build.0 = Debug|Any CPU
		{112986C5-1E0F-46E8-9254-A9AB9270A396}.Release|Any CPU.ActiveCfg = Release|Any CPU
		{112986C5-1E0F-46E8-9254-A9AB9270A396}.Release|Any CPU.Build.0 = Release|Any CPU
	EndGlobalSection
	GlobalSection(SolutionProperties) = preSolution
		HideSolutionNode = FALSE
	EndGlobalSection
EndGlobal
