
Microsoft Visual Studio Solution File, Format Version 12.00
# Visual Studio 14
VisualStudioVersion = 14.0.25420.1
MinimumVisualStudioVersion = 10.0.40219.1
Project("{2150E333-8FDC-42A3-9474-1A3956D46DE8}") = "Solution Items", "Solution Items", "{017EDCD0-4F70-4B81-AECB-A4D366A31C66}"
	ProjectSection(SolutionItems) = preProject
		global.json = global.json
	EndProjectSection
EndProject
Project("{8BB2217D-0F2D-49D1-97BC-3654ED321F3B}") = "Wipcore.Enova.Api.Models", "src\Wipcore.Enova.Api.Models\Wipcore.Enova.Api.Models.xproj", "{2B19A35E-F29A-4EDB-9175-44844C413404}"
EndProject
Project("{8BB2217D-0F2D-49D1-97BC-3654ED321F3B}") = "Wipcore.Enova.Api.NETClient", "src\Wipcore.Enova.Api.NETClient\Wipcore.Enova.Api.NETClient.xproj", "{9093C2B9-F0C5-4641-AD58-DC4EC7FF9AFA}"
EndProject
Project("{8BB2217D-0F2D-49D1-97BC-3654ED321F3B}") = "Wipcore.Enova.Api.Interfaces", "src\Wipcore.Enova.Api.Interfaces\Wipcore.Enova.Api.Interfaces.xproj", "{CC6E3526-67F3-481F-B09C-42A2589F275D}"
EndProject
Project("{8BB2217D-0F2D-49D1-97BC-3654ED321F3B}") = "Wipcore.Enova.Api.OAuth", "src\Wipcore.Enova.Api.OAuth\Wipcore.Enova.Api.OAuth.xproj", "{C25684EF-23F2-4262-8227-6116CD799B6F}"
EndProject
Project("{8BB2217D-0F2D-49D1-97BC-3654ED321F3B}") = "Wipcore.Enova.Api.WebApi", "src\Wipcore.Enova.Api.WebApi\Wipcore.Enova.Api.WebApi.xproj", "{842358BA-07F9-4B77-B529-76A15CDF4838}"
EndProject
Global
	GlobalSection(SolutionConfigurationPlatforms) = preSolution
		Debug|Any CPU = Debug|Any CPU
		Release|Any CPU = Release|Any CPU
	EndGlobalSection
	GlobalSection(ProjectConfigurationPlatforms) = postSolution
		{2B19A35E-F29A-4EDB-9175-44844C413404}.Debug|Any CPU.ActiveCfg = Debug|Any CPU
		{2B19A35E-F29A-4EDB-9175-44844C413404}.Debug|Any CPU.Build.0 = Debug|Any CPU
		{2B19A35E-F29A-4EDB-9175-44844C413404}.Release|Any CPU.ActiveCfg = Release|Any CPU
		{2B19A35E-F29A-4EDB-9175-44844C413404}.Release|Any CPU.Build.0 = Release|Any CPU
		{9093C2B9-F0C5-4641-AD58-DC4EC7FF9AFA}.Debug|Any CPU.ActiveCfg = Debug|Any CPU
		{9093C2B9-F0C5-4641-AD58-DC4EC7FF9AFA}.Debug|Any CPU.Build.0 = Debug|Any CPU
		{9093C2B9-F0C5-4641-AD58-DC4EC7FF9AFA}.Release|Any CPU.ActiveCfg = Release|Any CPU
		{9093C2B9-F0C5-4641-AD58-DC4EC7FF9AFA}.Release|Any CPU.Build.0 = Release|Any CPU
		{CC6E3526-67F3-481F-B09C-42A2589F275D}.Debug|Any CPU.ActiveCfg = Debug|Any CPU
		{CC6E3526-67F3-481F-B09C-42A2589F275D}.Debug|Any CPU.Build.0 = Debug|Any CPU
		{CC6E3526-67F3-481F-B09C-42A2589F275D}.Release|Any CPU.ActiveCfg = Release|Any CPU
		{CC6E3526-67F3-481F-B09C-42A2589F275D}.Release|Any CPU.Build.0 = Release|Any CPU
		{C25684EF-23F2-4262-8227-6116CD799B6F}.Debug|Any CPU.ActiveCfg = Debug|Any CPU
		{C25684EF-23F2-4262-8227-6116CD799B6F}.Debug|Any CPU.Build.0 = Debug|Any CPU
		{C25684EF-23F2-4262-8227-6116CD799B6F}.Release|Any CPU.ActiveCfg = Release|Any CPU
		{C25684EF-23F2-4262-8227-6116CD799B6F}.Release|Any CPU.Build.0 = Release|Any CPU
		{842358BA-07F9-4B77-B529-76A15CDF4838}.Debug|Any CPU.ActiveCfg = Debug|Any CPU
		{842358BA-07F9-4B77-B529-76A15CDF4838}.Debug|Any CPU.Build.0 = Debug|Any CPU
		{842358BA-07F9-4B77-B529-76A15CDF4838}.Release|Any CPU.ActiveCfg = Release|Any CPU
		{842358BA-07F9-4B77-B529-76A15CDF4838}.Release|Any CPU.Build.0 = Release|Any CPU
	EndGlobalSection
	GlobalSection(SolutionProperties) = preSolution
		HideSolutionNode = FALSE
	EndGlobalSection
EndGlobal
