
Microsoft Visual Studio Solution File, Format Version 12.00
# Visual Studio 15
VisualStudioVersion = 15.0.26730.16
MinimumVisualStudioVersion = 10.0.40219.1
Project("{2150E333-8FDC-42A3-9474-1A3956D46DE8}") = "src", "src", "{12031503-6C3E-4F27-909B-A92746EE6034}"
EndProject
Project("{2150E333-8FDC-42A3-9474-1A3956D46DE8}") = "Solution Items", "Solution Items", "{017EDCD0-4F70-4B81-AECB-A4D366A31C66}"
	ProjectSection(SolutionItems) = preProject
		global.json = global.json
	EndProjectSection
EndProject
Project("{2150E333-8FDC-42A3-9474-1A3956D46DE8}") = "test", "test", "{DBA5494A-A097-4D3A-8D0B-0BC4CAD3CBB4}"
EndProject
Project("{9A19103F-16F7-4668-BE54-9A1E7A4F7556}") = "Wipcore.Enova.Api.NETClient", "src\Wipcore.Enova.Api.NETClient\Wipcore.Enova.Api.NETClient.csproj", "{9093C2B9-F0C5-4641-AD58-DC4EC7FF9AFA}"
EndProject
Project("{9A19103F-16F7-4668-BE54-9A1E7A4F7556}") = "Wipcore.Enova.Api.OAuth", "src\Wipcore.Enova.Api.OAuth\Wipcore.Enova.Api.OAuth.csproj", "{C25684EF-23F2-4262-8227-6116CD799B6F}"
EndProject
Project("{9A19103F-16F7-4668-BE54-9A1E7A4F7556}") = "Wipcore.Enova.Api.WebApi", "src\Wipcore.Enova.Api.WebApi\Wipcore.Enova.Api.WebApi.csproj", "{842358BA-07F9-4B77-B529-76A15CDF4838}"
EndProject
Project("{9A19103F-16F7-4668-BE54-9A1E7A4F7556}") = "Wipcore.Enova.Api.Abstractions", "src\Wipcore.Enova.Api.Abstractions\Wipcore.Enova.Api.Abstractions.csproj", "{FA46C3E9-ACF3-4098-8BE4-1940AF9C8EC0}"
EndProject
Project("{9A19103F-16F7-4668-BE54-9A1E7A4F7556}") = "Wipcore.Enova.Api.Tests", "test\Wipcore.Enova.Api.Tests\Wipcore.Enova.Api.Tests.csproj", "{326B3C11-6785-45C0-9244-F4877CE72A49}"
EndProject
Project("{9A19103F-16F7-4668-BE54-9A1E7A4F7556}") = "Wipcore.Enova.Api.Abstractions.Internal", "src\Wipcore.Enova.Api.Abstractions.Internal\Wipcore.Enova.Api.Abstractions.Internal.csproj", "{F29C84AD-7FD7-4203-AFA2-70FA78A6D15E}"
EndProject
Global
	GlobalSection(SolutionConfigurationPlatforms) = preSolution
		Debug|Any CPU = Debug|Any CPU
		Release|Any CPU = Release|Any CPU
	EndGlobalSection
	GlobalSection(ProjectConfigurationPlatforms) = postSolution
		{9093C2B9-F0C5-4641-AD58-DC4EC7FF9AFA}.Debug|Any CPU.ActiveCfg = Debug|Any CPU
		{9093C2B9-F0C5-4641-AD58-DC4EC7FF9AFA}.Debug|Any CPU.Build.0 = Debug|Any CPU
		{9093C2B9-F0C5-4641-AD58-DC4EC7FF9AFA}.Release|Any CPU.ActiveCfg = Release|Any CPU
		{9093C2B9-F0C5-4641-AD58-DC4EC7FF9AFA}.Release|Any CPU.Build.0 = Release|Any CPU
		{C25684EF-23F2-4262-8227-6116CD799B6F}.Debug|Any CPU.ActiveCfg = Debug|Any CPU
		{C25684EF-23F2-4262-8227-6116CD799B6F}.Debug|Any CPU.Build.0 = Debug|Any CPU
		{C25684EF-23F2-4262-8227-6116CD799B6F}.Release|Any CPU.ActiveCfg = Release|Any CPU
		{C25684EF-23F2-4262-8227-6116CD799B6F}.Release|Any CPU.Build.0 = Release|Any CPU
		{842358BA-07F9-4B77-B529-76A15CDF4838}.Debug|Any CPU.ActiveCfg = Debug|Any CPU
		{842358BA-07F9-4B77-B529-76A15CDF4838}.Debug|Any CPU.Build.0 = Debug|Any CPU
		{842358BA-07F9-4B77-B529-76A15CDF4838}.Release|Any CPU.ActiveCfg = Release|Any CPU
		{842358BA-07F9-4B77-B529-76A15CDF4838}.Release|Any CPU.Build.0 = Release|Any CPU
		{FA46C3E9-ACF3-4098-8BE4-1940AF9C8EC0}.Debug|Any CPU.ActiveCfg = Debug|Any CPU
		{FA46C3E9-ACF3-4098-8BE4-1940AF9C8EC0}.Debug|Any CPU.Build.0 = Debug|Any CPU
		{FA46C3E9-ACF3-4098-8BE4-1940AF9C8EC0}.Release|Any CPU.ActiveCfg = Release|Any CPU
		{FA46C3E9-ACF3-4098-8BE4-1940AF9C8EC0}.Release|Any CPU.Build.0 = Release|Any CPU
		{326B3C11-6785-45C0-9244-F4877CE72A49}.Debug|Any CPU.ActiveCfg = Debug|Any CPU
		{326B3C11-6785-45C0-9244-F4877CE72A49}.Debug|Any CPU.Build.0 = Debug|Any CPU
		{326B3C11-6785-45C0-9244-F4877CE72A49}.Release|Any CPU.ActiveCfg = Release|Any CPU
		{326B3C11-6785-45C0-9244-F4877CE72A49}.Release|Any CPU.Build.0 = Release|Any CPU
		{F29C84AD-7FD7-4203-AFA2-70FA78A6D15E}.Debug|Any CPU.ActiveCfg = Debug|Any CPU
		{F29C84AD-7FD7-4203-AFA2-70FA78A6D15E}.Debug|Any CPU.Build.0 = Debug|Any CPU
		{F29C84AD-7FD7-4203-AFA2-70FA78A6D15E}.Release|Any CPU.ActiveCfg = Release|Any CPU
		{F29C84AD-7FD7-4203-AFA2-70FA78A6D15E}.Release|Any CPU.Build.0 = Release|Any CPU
	EndGlobalSection
	GlobalSection(SolutionProperties) = preSolution
		HideSolutionNode = FALSE
	EndGlobalSection
	GlobalSection(NestedProjects) = preSolution
		{9093C2B9-F0C5-4641-AD58-DC4EC7FF9AFA} = {12031503-6C3E-4F27-909B-A92746EE6034}
		{C25684EF-23F2-4262-8227-6116CD799B6F} = {12031503-6C3E-4F27-909B-A92746EE6034}
		{842358BA-07F9-4B77-B529-76A15CDF4838} = {12031503-6C3E-4F27-909B-A92746EE6034}
		{FA46C3E9-ACF3-4098-8BE4-1940AF9C8EC0} = {12031503-6C3E-4F27-909B-A92746EE6034}
		{326B3C11-6785-45C0-9244-F4877CE72A49} = {DBA5494A-A097-4D3A-8D0B-0BC4CAD3CBB4}
		{F29C84AD-7FD7-4203-AFA2-70FA78A6D15E} = {12031503-6C3E-4F27-909B-A92746EE6034}
	EndGlobalSection
	GlobalSection(ExtensibilityGlobals) = postSolution
		SolutionGuid = {A22FDAB6-D8C6-4DBF-B948-8E65AB8400C0}
	EndGlobalSection
EndGlobal
